
Microsoft Visual Studio Solution File, Format Version 12.00
# Visual Studio Version 17
VisualStudioVersion = 17.0.32014.148
MinimumVisualStudioVersion = 10.0.40219.1
Project("{FAE04EC0-301F-11D3-BF4B-00C04F79EFBC}") = "SnackbarAPI", "SnackbarAPI\SnackbarAPI.csproj", "{C6962D36-F48E-43BE-975D-7A577AB4DB80}"
EndProject
Project("{FAE04EC0-301F-11D3-BF4B-00C04F79EFBC}") = "SnackbarMVC", "SnackbarMVC\SnackbarMVC.csproj", "{34C05FCD-6B65-4998-9A79-C381C939E121}"
EndProject
Global
	GlobalSection(SolutionConfigurationPlatforms) = preSolution
		Debug|Any CPU = Debug|Any CPU
		Release|Any CPU = Release|Any CPU
	EndGlobalSection
	GlobalSection(ProjectConfigurationPlatforms) = postSolution
		{C6962D36-F48E-43BE-975D-7A577AB4DB80}.Debug|Any CPU.ActiveCfg = Debug|Any CPU
		{C6962D36-F48E-43BE-975D-7A577AB4DB80}.Debug|Any CPU.Build.0 = Debug|Any CPU
		{C6962D36-F48E-43BE-975D-7A577AB4DB80}.Release|Any CPU.ActiveCfg = Release|Any CPU
		{C6962D36-F48E-43BE-975D-7A577AB4DB80}.Release|Any CPU.Build.0 = Release|Any CPU
		{34C05FCD-6B65-4998-9A79-C381C939E121}.Debug|Any CPU.ActiveCfg = Debug|Any CPU
		{34C05FCD-6B65-4998-9A79-C381C939E121}.Debug|Any CPU.Build.0 = Debug|Any CPU
		{34C05FCD-6B65-4998-9A79-C381C939E121}.Release|Any CPU.ActiveCfg = Release|Any CPU
		{34C05FCD-6B65-4998-9A79-C381C939E121}.Release|Any CPU.Build.0 = Release|Any CPU
	EndGlobalSection
	GlobalSection(SolutionProperties) = preSolution
		HideSolutionNode = FALSE
	EndGlobalSection
	GlobalSection(ExtensibilityGlobals) = postSolution
		SolutionGuid = {9734CF00-088A-467C-BF0C-71B561557975}
	EndGlobalSection
EndGlobal
